# @generated - this file is auto-generated by `mise lock` https://mise.jdx.dev/dev-tools/mise-lock.html

[[tools.betterleaks]]
version = "1.7.4"
backend = "aqua:betterleaks/betterleaks"

[tools.betterleaks."platforms.linux-arm64"]
checksum = "sha256:038d8379935fb6699e12c2c95d0d4901a1ef420cbc553b7c4d4710570d03024e"
url = "https://github.com/betterleaks/betterleaks/releases/download/v1.7.4/betterleaks_1.7.4_linux_arm64.tar.gz"
url_api = "https://api.github.com/repos/betterleaks/betterleaks/releases/assets/508893143"
provenance = "cosign"

[tools.betterleaks."platforms.linux-arm64-musl"]
checksum = "sha256:038d8379935fb6699e12c2c95d0d4901a1ef420cbc553b7c4d4710570d03024e"
url = "https://github.com/betterleaks/betterleaks/releases/download/v1.7.4/betterleaks_1.7.4_linux_arm64.tar.gz"
url_api = "https://api.github.com/repos/betterleaks/betterleaks/releases/assets/508893143"
provenance = "cosign"

[tools.betterleaks."platforms.linux-x64"]
checksum = "sha256:9ed7739a39a26a2217f38726bff8a8f4fe079d3b21272caa7959823ccc444d96"
url = "https://github.com/betterleaks/betterleaks/releases/download/v1.7.4/betterleaks_1.7.4_linux_x64.tar.gz"
url_api = "https://api.github.com/repos/betterleaks/betterleaks/releases/assets/508893151"
provenance = "cosign"

[tools.betterleaks."platforms.linux-x64-musl"]
checksum = "sha256:9ed7739a39a26a2217f38726bff8a8f4fe079d3b21272caa7959823ccc444d96"
url = "https://github.com/betterleaks/betterleaks/releases/download/v1.7.4/betterleaks_1.7.4_linux_x64.tar.gz"
url_api = "https://api.github.com/repos/betterleaks/betterleaks/releases/assets/508893151"
provenance = "cosign"

[tools.betterleaks."platforms.macos-arm64"]
checksum = "sha256:9d68ab4a009a26f3f35131f321ddff11e53aaa5608a1633308836a802fe2f732"
url = "https://github.com/betterleaks/betterleaks/releases/download/v1.7.4/betterleaks_1.7.4_darwin_arm64.tar.gz"
url_api = "https://api.github.com/repos/betterleaks/betterleaks/releases/assets/508893148"
provenance = "cosign"

[tools.betterleaks."platforms.windows-x64"]
checksum = "sha256:085cc79a0cdf1dc86bcf087b2bfbd337dd996fd55bfc3f9e63f9f5144437e2b2"
url = "https://github.com/betterleaks/betterleaks/releases/download/v1.7.4/betterleaks_1.7.4_windows_x64.zip"
url_api = "https://api.github.com/repos/betterleaks/betterleaks/releases/assets/508893178"
provenance = "cosign"

[[tools.hk]]
version = "1.55.0"
backend = "aqua:jdx/hk"

[tools.hk."platforms.linux-arm64"]
checksum = "sha256:64c44aa0f26e995f7d9c44cc9c5116e20052bcefc821daf17ce3df265bb0b2d6"
url = "https://github.com/jdx/hk/releases/download/v1.55.0/hk-aarch64-unknown-linux-gnu.tar.gz"
url_api = "https://api.github.com/repos/jdx/hk/releases/assets/510729669"

[tools.hk."platforms.linux-arm64-musl"]
checksum = "sha256:21eccba81a4b9ac73431d876d8ed5add16a01df360f6d3d576279903254599f6"
url = "https://github.com/jdx/hk/releases/download/v1.55.0/hk-aarch64-unknown-linux-musl.tar.gz"
url_api = "https://api.github.com/repos/jdx/hk/releases/assets/510729671"

[tools.hk."platforms.linux-x64"]
checksum = "sha256:efd6ed276ae8a26cc95fcb8c83051d9a3fd05e124d38170c0f057a716e9de94d"
url = "https://github.com/jdx/hk/releases/download/v1.55.0/hk-x86_64-unknown-linux-gnu.tar.gz"
url_api = "https://api.github.com/repos/jdx/hk/releases/assets/510729679"

[tools.hk."platforms.linux-x64-musl"]
checksum = "sha256:f00e04f536bec16bbc8c7cf8696f834d6ad80ddbcc1e653e3110d12ee4de2b42"
url = "https://github.com/jdx/hk/releases/download/v1.55.0/hk-x86_64-unknown-linux-musl.tar.gz"
url_api = "https://api.github.com/repos/jdx/hk/releases/assets/510729680"

[tools.hk."platforms.macos-arm64"]
checksum = "sha256:a995ff68402bcf6c16ab054e4c45db592213bcd661c9b92003d4a62f2d56d4b1"
url = "https://github.com/jdx/hk/releases/download/v1.55.0/hk-aarch64-apple-darwin.tar.gz"
url_api = "https://api.github.com/repos/jdx/hk/releases/assets/510729670"

[tools.hk."platforms.windows-x64"]
checksum = "sha256:402b3c9c5f9a5b3cb8ab6229d0f6d169b122fc3db1e39fc2fa53421a1aa24fc5"
url = "https://github.com/jdx/hk/releases/download/v1.55.0/hk-x86_64-pc-windows-msvc.zip"
url_api = "https://api.github.com/repos/jdx/hk/releases/assets/510729674"

[[tools.jreleaser]]
version = "1.25.0"
backend = "aqua:jreleaser/jreleaser"

[tools.jreleaser."platforms.linux-arm64"]
checksum = "sha256:9409584af949088e1563daf0384a5de604e054bc7b833f17aac71916bf80e13d"
url = "https://github.com/jreleaser/jreleaser/releases/download/v1.25.0/jreleaser-native-1.25.0-linux-aarch64.zip"
url_api = "https://api.github.com/repos/jreleaser/jreleaser/releases/assets/460915326"

[tools.jreleaser."platforms.linux-arm64".provenance.slsa]
url = "https://github.com/jreleaser/jreleaser/releases/download/v1.25.0/jreleaser-all-1.25.0.intoto.jsonl"

[tools.jreleaser."platforms.linux-arm64-musl"]
checksum = "sha256:9409584af949088e1563daf0384a5de604e054bc7b833f17aac71916bf80e13d"
url = "https://github.com/jreleaser/jreleaser/releases/download/v1.25.0/jreleaser-native-1.25.0-linux-aarch64.zip"
url_api = "https://api.github.com/repos/jreleaser/jreleaser/releases/assets/460915326"

[tools.jreleaser."platforms.linux-arm64-musl".provenance.slsa]
url = "https://github.com/jreleaser/jreleaser/releases/download/v1.25.0/jreleaser-all-1.25.0.intoto.jsonl"

[tools.jreleaser."platforms.linux-x64"]
checksum = "sha256:f0386ef0ffa45b5e224fff2d9912409d3ce5796872aee83d3f91bcf53b7d7bfb"
url = "https://github.com/jreleaser/jreleaser/releases/download/v1.25.0/jreleaser-native-1.25.0-linux-x86_64.zip"
url_api = "https://api.github.com/repos/jreleaser/jreleaser/releases/assets/460915346"

[tools.jreleaser."platforms.linux-x64".provenance.slsa]
url = "https://github.com/jreleaser/jreleaser/releases/download/v1.25.0/jreleaser-all-1.25.0.intoto.jsonl"

[tools.jreleaser."platforms.linux-x64-musl"]
checksum = "sha256:f0386ef0ffa45b5e224fff2d9912409d3ce5796872aee83d3f91bcf53b7d7bfb"
url = "https://github.com/jreleaser/jreleaser/releases/download/v1.25.0/jreleaser-native-1.25.0-linux-x86_64.zip"
url_api = "https://api.github.com/repos/jreleaser/jreleaser/releases/assets/460915346"

[tools.jreleaser."platforms.linux-x64-musl".provenance.slsa]
url = "https://github.com/jreleaser/jreleaser/releases/download/v1.25.0/jreleaser-all-1.25.0.intoto.jsonl"

[tools.jreleaser."platforms.macos-arm64"]
checksum = "sha256:97fc7ba596529ed67fda25b8b76895dbada90d08a2fa417aa1bb1eccd7923b3f"
url = "https://github.com/jreleaser/jreleaser/releases/download/v1.25.0/jreleaser-native-1.25.0-osx-aarch64.zip"
url_api = "https://api.github.com/repos/jreleaser/jreleaser/releases/assets/460915382"

[tools.jreleaser."platforms.macos-arm64".provenance.slsa]
url = "https://github.com/jreleaser/jreleaser/releases/download/v1.25.0/jreleaser-all-1.25.0.intoto.jsonl"

[tools.jreleaser."platforms.windows-x64"]
checksum = "sha256:73eba958db23a99e571585e73aab2928d663f30c2030bfddec38e76e1845c715"
url = "https://github.com/jreleaser/jreleaser/releases/download/v1.25.0/jreleaser-native-1.25.0-windows-x86_64.zip"
url_api = "https://api.github.com/repos/jreleaser/jreleaser/releases/assets/460915441"

[tools.jreleaser."platforms.windows-x64".provenance.slsa]
url = "https://github.com/jreleaser/jreleaser/releases/download/v1.25.0/jreleaser-all-1.25.0.intoto.jsonl"
